
Microsoft Visual Studio Solution File, Format Version 12.00
# Visual Studio Version 17
VisualStudioVersion = 17.9.34714.143
MinimumVisualStudioVersion = 10.0.40219.1
Project("{FAE04EC0-301F-11D3-BF4B-00C04F79EFBC}") = "UserManagement.Web", "UserManagement.Web\UserManagement.Web.csproj", "{90F93E32-C63F-4D5A-9589-2B7C8D61F574}"
EndProject
Project("{FAE04EC0-301F-11D3-BF4B-00C04F79EFBC}") = "Usermanagement.Domain", "Usermanagement.Domain\Usermanagement.Domain.csproj", "{7C181F0E-391F-481E-8503-8713FA0CE91C}"
EndProject
Project("{FAE04EC0-301F-11D3-BF4B-00C04F79EFBC}") = "Usermanagement.Application", "Usermanagement.Application\Usermanagement.Application.csproj", "{556C0AAF-8591-4724-BC8F-28A2E5CCB17E}"
EndProject
Project("{FAE04EC0-301F-11D3-BF4B-00C04F79EFBC}") = "Usermanagement.Infrastructure", "Usermanagement.Infrastructure\Usermanagement.Infrastructure.csproj", "{C9188862-607C-4536-AC23-DDB90542EFED}"
EndProject
Global
	GlobalSection(SolutionConfigurationPlatforms) = preSolution
		Debug|Any CPU = Debug|Any CPU
		Release|Any CPU = Release|Any CPU
	EndGlobalSection
	GlobalSection(ProjectConfigurationPlatforms) = postSolution
		{90F93E32-C63F-4D5A-9589-2B7C8D61F574}.Debug|Any CPU.ActiveCfg = Debug|Any CPU
		{90F93E32-C63F-4D5A-9589-2B7C8D61F574}.Debug|Any CPU.Build.0 = Debug|Any CPU
		{90F93E32-C63F-4D5A-9589-2B7C8D61F574}.Release|Any CPU.ActiveCfg = Release|Any CPU
		{90F93E32-C63F-4D5A-9589-2B7C8D61F574}.Release|Any CPU.Build.0 = Release|Any CPU
		{7C181F0E-391F-481E-8503-8713FA0CE91C}.Debug|Any CPU.ActiveCfg = Debug|Any CPU
		{7C181F0E-391F-481E-8503-8713FA0CE91C}.Debug|Any CPU.Build.0 = Debug|Any CPU
		{7C181F0E-391F-481E-8503-8713FA0CE91C}.Release|Any CPU.ActiveCfg = Release|Any CPU
		{7C181F0E-391F-481E-8503-8713FA0CE91C}.Release|Any CPU.Build.0 = Release|Any CPU
		{556C0AAF-8591-4724-BC8F-28A2E5CCB17E}.Debug|Any CPU.ActiveCfg = Debug|Any CPU
		{556C0AAF-8591-4724-BC8F-28A2E5CCB17E}.Debug|Any CPU.Build.0 = Debug|Any CPU
		{556C0AAF-8591-4724-BC8F-28A2E5CCB17E}.Release|Any CPU.ActiveCfg = Release|Any CPU
		{556C0AAF-8591-4724-BC8F-28A2E5CCB17E}.Release|Any CPU.Build.0 = Release|Any CPU
		{C9188862-607C-4536-AC23-DDB90542EFED}.Debug|Any CPU.ActiveCfg = Debug|Any CPU
		{C9188862-607C-4536-AC23-DDB90542EFED}.Debug|Any CPU.Build.0 = Debug|Any CPU
		{C9188862-607C-4536-AC23-DDB90542EFED}.Release|Any CPU.ActiveCfg = Release|Any CPU
		{C9188862-607C-4536-AC23-DDB90542EFED}.Release|Any CPU.Build.0 = Release|Any CPU
	EndGlobalSection
	GlobalSection(SolutionProperties) = preSolution
		HideSolutionNode = FALSE
	EndGlobalSection
	GlobalSection(ExtensibilityGlobals) = postSolution
		SolutionGuid = {C61FAC81-F8F1-4D3B-BABD-BF9D51BC58F8}
	EndGlobalSection
EndGlobal
